// !$*UTF8*$!
{
	archiveVersion = 1;
	classes = {
	};
	objectVersion = 56;
	objects = {

/* Begin PBXBuildFile section */
		04F802852A0A48520033F731 /* CleanArchitectureCompositionApp.swift in Sources */ = {isa = PBXBuildFile; fileRef = 04F802842A0A48520033F731 /* CleanArchitectureCompositionApp.swift */; };
		04F802872A0A48520033F731 /* ContentView.swift in Sources */ = {isa = PBXBuildFile; fileRef = 04F802862A0A48520033F731 /* ContentView.swift */; };
		04F802892A0A48540033F731 /* Assets.xcassets in Resources */ = {isa = PBXBuildFile; fileRef = 04F802882A0A48540033F731 /* Assets.xcassets */; };
		04F8028C2A0A48540033F731 /* Preview Assets.xcassets in Resources */ = {isa = PBXBuildFile; fileRef = 04F8028B2A0A48540033F731 /* Preview Assets.xcassets */; };
		04F802962A0A48540033F731 /* CleanArchitectureCompositionTests.swift in Sources */ = {isa = PBXBuildFile; fileRef = 04F802952A0A48540033F731 /* CleanArchitectureCompositionTests.swift */; };
		04F802A02A0A48550033F731 /* CleanArchitectureCompositionUITests.swift in Sources */ = {isa = PBXBuildFile; fileRef = 04F8029F2A0A48550033F731 /* CleanArchitectureCompositionUITests.swift */; };
		04F802A22A0A48550033F731 /* CleanArchitectureCompositionUITestsLaunchTests.swift in Sources */ = {isa = PBXBuildFile; fileRef = 04F802A12A0A48550033F731 /* CleanArchitectureCompositionUITestsLaunchTests.swift */; };
		04F802AF2A0A48730033F731 /* LoginUseCase.swift in Sources */ = {isa = PBXBuildFile; fileRef = 04F802AE2A0A48730033F731 /* LoginUseCase.swift */; };
/* End PBXBuildFile section */

/* Begin PBXContainerItemProxy section */
		04F802922A0A48540033F731 /* PBXContainerItemProxy */ = {
			isa = PBXContainerItemProxy;
			containerPortal = 04F802792A0A48520033F731 /* Project object */;
			proxyType = 1;
			remoteGlobalIDString = 04F802802A0A48520033F731;
			remoteInfo = CleanArchitectureComposition;
		};
		04F8029C2A0A48540033F731 /* PBXContainerItemProxy */ = {
			isa = PBXContainerItemProxy;
			containerPortal = 04F802792A0A48520033F731 /* Project object */;
			proxyType = 1;
			remoteGlobalIDString = 04F802802A0A48520033F731;
			remoteInfo = CleanArchitectureComposition;
		};
/* End PBXContainerItemProxy section */

/* Begin PBXFileReference section */
		04F802812A0A48520033F731 /* CleanArchitectureComposition.app */ = {isa = PBXFileReference; explicitFileType = wrapper.application; includeInIndex = 0; path = CleanArchitectureComposition.app; sourceTree = BUILT_PRODUCTS_DIR; };
		04F802842A0A48520033F731 /* CleanArchitectureCompositionApp.swift */ = {isa = PBXFileReference; lastKnownFileType = sourcecode.swift; path = CleanArchitectureCompositionApp.swift; sourceTree = "<group>"; };
		04F802862A0A48520033F731 /* ContentView.swift */ = {isa = PBXFileReference; lastKnownFileType = sourcecode.swift; path = ContentView.swift; sourceTree = "<group>"; };
		04F802882A0A48540033F731 /* Assets.xcassets */ = {isa = PBXFileReference; lastKnownFileType = folder.assetcatalog; path = Assets.xcassets; sourceTree = "<group>"; };
		04F8028B2A0A48540033F731 /* Preview Assets.xcassets */ = {isa = PBXFileReference; lastKnownFileType = folder.assetcatalog; path = "Preview Assets.xcassets"; sourceTree = "<group>"; };
		04F802912A0A48540033F731 /* CleanArchitectureCompositionTests.xctest */ = {isa = PBXFileReference; explicitFileType = wrapper.cfbundle; includeInIndex = 0; path = CleanArchitectureCompositionTests.xctest; sourceTree = BUILT_PRODUCTS_DIR; };
		04F802952A0A48540033F731 /* CleanArchitectureCompositionTests.swift */ = {isa = PBXFileReference; lastKnownFileType = sourcecode.swift; path = CleanArchitectureCompositionTests.swift; sourceTree = "<group>"; };
		04F8029B2A0A48540033F731 /* CleanArchitectureCompositionUITests.xctest */ = {isa = PBXFileReference; explicitFileType = wrapper.cfbundle; includeInIndex = 0; path = CleanArchitectureCompositionUITests.xctest; sourceTree = BUILT_PRODUCTS_DIR; };
		04F8029F2A0A48550033F731 /* CleanArchitectureCompositionUITests.swift */ = {isa = PBXFileReference; lastKnownFileType = sourcecode.swift; path = CleanArchitectureCompositionUITests.swift; sourceTree = "<group>"; };
		04F802A12A0A48550033F731 /* CleanArchitectureCompositionUITestsLaunchTests.swift */ = {isa = PBXFileReference; lastKnownFileType = sourcecode.swift; path = CleanArchitectureCompositionUITestsLaunchTests.swift; sourceTree = "<group>"; };
		04F802AE2A0A48730033F731 /* LoginUseCase.swift */ = {isa = PBXFileReference; lastKnownFileType = sourcecode.swift; path = LoginUseCase.swift; sourceTree = "<group>"; };
/* End PBXFileReference section */

/* Begin PBXFrameworksBuildPhase section */
		04F8027E2A0A48520033F731 /* Frameworks */ = {
			isa = PBXFrameworksBuildPhase;
			buildActionMask = 2147483647;
			files = (
			);
			runOnlyForDeploymentPostprocessing = 0;
		};
		04F8028E2A0A48540033F731 /* Frameworks */ = {
			isa = PBXFrameworksBuildPhase;
			buildActionMask = 2147483647;
			files = (
			);
			runOnlyForDeploymentPostprocessing = 0;
		};
		04F802982A0A48540033F731 /* Frameworks */ = {
			isa = PBXFrameworksBuildPhase;
			buildActionMask = 2147483647;
			files = (
			);
			runOnlyForDeploymentPostprocessing = 0;
		};
/* End PBXFrameworksBuildPhase section */

/* Begin PBXGroup section */
		04F802782A0A48520033F731 = {
			isa = PBXGroup;
			children = (
				04F802832A0A48520033F731 /* CleanArchitectureComposition */,
				04F802942A0A48540033F731 /* CleanArchitectureCompositionTests */,
				04F8029E2A0A48540033F731 /* CleanArchitectureCompositionUITests */,
				04F802822A0A48520033F731 /* Products */,
			);
			sourceTree = "<group>";
		};
		04F802822A0A48520033F731 /* Products */ = {
			isa = PBXGroup;
			children = (
				04F802812A0A48520033F731 /* CleanArchitectureComposition.app */,
				04F802912A0A48540033F731 /* CleanArchitectureCompositionTests.xctest */,
				04F8029B2A0A48540033F731 /* CleanArchitectureCompositionUITests.xctest */,
			);
			name = Products;
			sourceTree = "<group>";
		};
		04F802832A0A48520033F731 /* CleanArchitectureComposition */ = {
			isa = PBXGroup;
			children = (
				04F802842A0A48520033F731 /* CleanArchitectureCompositionApp.swift */,
				04F802862A0A48520033F731 /* ContentView.swift */,
				04F802AE2A0A48730033F731 /* LoginUseCase.swift */,
				04F802882A0A48540033F731 /* Assets.xcassets */,
				04F8028A2A0A48540033F731 /* Preview Content */,
			);
			path = CleanArchitectureComposition;
			sourceTree = "<group>";
		};
		04F8028A2A0A48540033F731 /* Preview Content */ = {
			isa = PBXGroup;
			children = (
				04F8028B2A0A48540033F731 /* Preview Assets.xcassets */,
			);
			path = "Preview Content";
			sourceTree = "<group>";
		};
		04F802942A0A48540033F731 /* CleanArchitectureCompositionTests */ = {
			isa = PBXGroup;
			children = (
				04F802952A0A48540033F731 /* CleanArchitectureCompositionTests.swift */,
			);
			path = CleanArchitectureCompositionTests;
			sourceTree = "<group>";
		};
		04F8029E2A0A48540033F731 /* CleanArchitectureCompositionUITests */ = {
			isa = PBXGroup;
			children = (
				04F8029F2A0A48550033F731 /* CleanArchitectureCompositionUITests.swift */,
				04F802A12A0A48550033F731 /* CleanArchitectureCompositionUITestsLaunchTests.swift */,
			);
			path = CleanArchitectureCompositionUITests;
			sourceTree = "<group>";
		};
/* End PBXGroup section */

/* Begin PBXNativeTarget section */
		04F802802A0A48520033F731 /* CleanArchitectureComposition */ = {
			isa = PBXNativeTarget;
			buildConfigurationList = 04F802A52A0A48550033F731 /* Build configuration list for PBXNativeTarget "CleanArchitectureComposition" */;
			buildPhases = (
				04F8027D2A0A48520033F731 /* Sources */,
				04F8027E2A0A48520033F731 /* Frameworks */,
				04F8027F2A0A48520033F731 /* Resources */,
			);
			buildRules = (
			);
			dependencies = (
			);
			name = CleanArchitectureComposition;
			productName = CleanArchitectureComposition;
			productReference = 04F802812A0A48520033F731 /* CleanArchitectureComposition.app */;
			productType = "com.apple.product-type.application";
		};
		04F802902A0A48540033F731 /* CleanArchitectureCompositionTests */ = {
			isa = PBXNativeTarget;
			buildConfigurationList = 04F802A82A0A48550033F731 /* Build configuration list for PBXNativeTarget "CleanArchitectureCompositionTests" */;
			buildPhases = (
				04F8028D2A0A48540033F731 /* Sources */,
				04F8028E2A0A48540033F731 /* Frameworks */,
				04F8028F2A0A48540033F731 /* Resources */,
			);
			buildRules = (
			);
			dependencies = (
				04F802932A0A48540033F731 /* PBXTargetDependency */,
			);
			name = CleanArchitectureCompositionTests;
			productName = CleanArchitectureCompositionTests;
			productReference = 04F802912A0A48540033F731 /* CleanArchitectureCompositionTests.xctest */;
			productType = "com.apple.product-type.bundle.unit-test";
		};
		04F8029A2A0A48540033F731 /* CleanArchitectureCompositionUITests */ = {
			isa = PBXNativeTarget;
			buildConfigurationList = 04F802AB2A0A48550033F731 /* Build configuration list for PBXNativeTarget "CleanArchitectureCompositionUITests" */;
			buildPhases = (
				04F802972A0A48540033F731 /* Sources */,
				04F802982A0A48540033F731 /* Frameworks */,
				04F802992A0A48540033F731 /* Resources */,
			);
			buildRules = (
			);
			dependencies = (
				04F8029D2A0A48540033F731 /* PBXTargetDependency */,
			);
			name = CleanArchitectureCompositionUITests;
			productName = CleanArchitectureCompositionUITests;
			productReference = 04F8029B2A0A48540033F731 /* CleanArchitectureCompositionUITests.xctest */;
			productType = "com.apple.product-type.bundle.ui-testing";
		};
/* End PBXNativeTarget section */

/* Begin PBXProject section */
		04F802792A0A48520033F731 /* Project object */ = {
			isa = PBXProject;
			attributes = {
				BuildIndependentTargetsInParallel = 1;
				LastSwiftUpdateCheck = 1430;
				LastUpgradeCheck = 1430;
				TargetAttributes = {
					04F802802A0A48520033F731 = {
						CreatedOnToolsVersion = 14.3;
					};
					04F802902A0A48540033F731 = {
						CreatedOnToolsVersion = 14.3;
						TestTargetID = 04F802802A0A48520033F731;
					};
					04F8029A2A0A48540033F731 = {
						CreatedOnToolsVersion = 14.3;
						TestTargetID = 04F802802A0A48520033F731;
					};
				};
			};
			buildConfigurationList = 04F8027C2A0A48520033F731 /* Build configuration list for PBXProject "CleanArchitectureComposition" */;
			compatibilityVersion = "Xcode 14.0";
			developmentRegion = en;
			hasScannedForEncodings = 0;
			knownRegions = (
				en,
				Base,
			);
			mainGroup = 04F802782A0A48520033F731;
			productRefGroup = 04F802822A0A48520033F731 /* Products */;
			projectDirPath = "";
			projectRoot = "";
			targets = (
				04F802802A0A48520033F731 /* CleanArchitectureComposition */,
				04F802902A0A48540033F731 /* CleanArchitectureCompositionTests */,
				04F8029A2A0A48540033F731 /* CleanArchitectureCompositionUITests */,
			);
		};
/* End PBXProject section */

/* Begin PBXResourcesBuildPhase section */
		04F8027F2A0A48520033F731 /* Resources */ = {
			isa = PBXResourcesBuildPhase;
			buildActionMask = 2147483647;
			files = (
				04F8028C2A0A48540033F731 /* Preview Assets.xcassets in Resources */,
				04F802892A0A48540033F731 /* Assets.xcassets in Resources */,
			);
			runOnlyForDeploymentPostprocessing = 0;
		};
		04F8028F2A0A48540033F731 /* Resources */ = {
			isa = PBXResourcesBuildPhase;
			buildActionMask = 2147483647;
			files = (
			);
			runOnlyForDeploymentPostprocessing = 0;
		};
		04F802992A0A48540033F731 /* Resources */ = {
			isa = PBXResourcesBuildPhase;
			buildActionMask = 2147483647;
			files = (
			);
			runOnlyForDeploymentPostprocessing = 0;
		};
/* End PBXResourcesBuildPhase section */

/* Begin PBXSourcesBuildPhase section */
		04F8027D2A0A48520033F731 /* Sources */ = {
			isa = PBXSourcesBuildPhase;
			buildActionMask = 2147483647;
			files = (
				04F802872A0A48520033F731 /* ContentView.swift in Sources */,
				04F802852A0A48520033F731 /* CleanArchitectureCompositionApp.swift in Sources */,
				04F802AF2A0A48730033F731 /* LoginUseCase.swift in Sources */,
			);
			runOnlyForDeploymentPostprocessing = 0;
		};
		04F8028D2A0A48540033F731 /* Sources */ = {
			isa = PBXSourcesBuildPhase;
			buildActionMask = 2147483647;
			files = (
				04F802962A0A48540033F731 /* CleanArchitectureCompositionTests.swift in Sources */,
			);
			runOnlyForDeploymentPostprocessing = 0;
		};
		04F802972A0A48540033F731 /* Sources */ = {
			isa = PBXSourcesBuildPhase;
			buildActionMask = 2147483647;
			files = (
				04F802A22A0A48550033F731 /* CleanArchitectureCompositionUITestsLaunchTests.swift in Sources */,
				04F802A02A0A48550033F731 /* CleanArchitectureCompositionUITests.swift in Sources */,
			);
			runOnlyForDeploymentPostprocessing = 0;
		};
/* End PBXSourcesBuildPhase section */

/* Begin PBXTargetDependency section */
		04F802932A0A48540033F731 /* PBXTargetDependency */ = {
			isa = PBXTargetDependency;
			target = 04F802802A0A48520033F731 /* CleanArchitectureComposition */;
			targetProxy = 04F802922A0A48540033F731 /* PBXContainerItemProxy */;
		};
		04F8029D2A0A48540033F731 /* PBXTargetDependency */ = {
			isa = PBXTargetDependency;
			target = 04F802802A0A48520033F731 /* CleanArchitectureComposition */;
			targetProxy = 04F8029C2A0A48540033F731 /* PBXContainerItemProxy */;
		};
/* End PBXTargetDependency section */

/* Begin XCBuildConfiguration section */
		04F802A32A0A48550033F731 /* Debug */ = {
			isa = XCBuildConfiguration;
			buildSettings = {
				ALWAYS_SEARCH_USER_PATHS = NO;
				CLANG_ANALYZER_NONNULL = YES;
				CLANG_ANALYZER_NUMBER_OBJECT_CONVERSION = YES_AGGRESSIVE;
				CLANG_CXX_LANGUAGE_STANDARD = "gnu++20";
				CLANG_ENABLE_MODULES = YES;
				CLANG_ENABLE_OBJC_ARC = YES;
				CLANG_ENABLE_OBJC_WEAK = YES;
				CLANG_WARN_BLOCK_CAPTURE_AUTORELEASING = YES;
				CLANG_WARN_BOOL_CONVERSION = YES;
				CLANG_WARN_COMMA = YES;
				CLANG_WARN_CONSTANT_CONVERSION = YES;
				CLANG_WARN_DEPRECATED_OBJC_IMPLEMENTATIONS = YES;
				CLANG_WARN_DIRECT_OBJC_ISA_USAGE = YES_ERROR;
				CLANG_WARN_DOCUMENTATION_COMMENTS = YES;
				CLANG_WARN_EMPTY_BODY = YES;
				CLANG_WARN_ENUM_CONVERSION = YES;
				CLANG_WARN_INFINITE_RECURSION = YES;
				CLANG_WARN_INT_CONVERSION = YES;
				CLANG_WARN_NON_LITERAL_NULL_CONVERSION = YES;
				CLANG_WARN_OBJC_IMPLICIT_RETAIN_SELF = YES;
				CLANG_WARN_OBJC_LITERAL_CONVERSION = YES;
				CLANG_WARN_OBJC_ROOT_CLASS = YES_ERROR;
				CLANG_WARN_QUOTED_INCLUDE_IN_FRAMEWORK_HEADER = YES;
				CLANG_WARN_RANGE_LOOP_ANALYSIS = YES;
				CLANG_WARN_STRICT_PROTOTYPES = YES;
				CLANG_WARN_SUSPICIOUS_MOVE = YES;
				CLANG_WARN_UNGUARDED_AVAILABILITY = YES_AGGRESSIVE;
				CLANG_WARN_UNREACHABLE_CODE = YES;
				CLANG_WARN__DUPLICATE_METHOD_MATCH = YES;
				COPY_PHASE_STRIP = NO;
				DEBUG_INFORMATION_FORMAT = dwarf;
				ENABLE_STRICT_OBJC_MSGSEND = YES;
				ENABLE_TESTABILITY = YES;
				GCC_C_LANGUAGE_STANDARD = gnu11;
				GCC_DYNAMIC_NO_PIC = NO;
				GCC_NO_COMMON_BLOCKS = YES;
				GCC_OPTIMIZATION_LEVEL = 0;
				GCC_PREPROCESSOR_DEFINITIONS = (
					"DEBUG=1",
					"$(inherited)",
				);
				GCC_WARN_64_TO_32_BIT_CONVERSION = YES;
				GCC_WARN_ABOUT_RETURN_TYPE = YES_ERROR;
				GCC_WARN_UNDECLARED_SELECTOR = YES;
				GCC_WARN_UNINITIALIZED_AUTOS = YES_AGGRESSIVE;
				GCC_WARN_UNUSED_FUNCTION = YES;
				GCC_WARN_UNUSED_VARIABLE = YES;
				IPHONEOS_DEPLOYMENT_TARGET = 16.4;
				MTL_ENABLE_DEBUG_INFO = INCLUDE_SOURCE;
				MTL_FAST_MATH = YES;
				ONLY_ACTIVE_ARCH = YES;
				SDKROOT = iphoneos;
				SWIFT_ACTIVE_COMPILATION_CONDITIONS = DEBUG;
				SWIFT_OPTIMIZATION_LEVEL = "-Onone";
			};
			name = Debug;
		};
		04F802A42A0A48550033F731 /* Release */ = {
			isa = XCBuildConfiguration;
			buildSettings = {
				ALWAYS_SEARCH_USER_PATHS = NO;
				CLANG_ANALYZER_NONNULL = YES;
				CLANG_ANALYZER_NUMBER_OBJECT_CONVERSION = YES_AGGRESSIVE;
				CLANG_CXX_LANGUAGE_STANDARD = "gnu++20";
				CLANG_ENABLE_MODULES = YES;
				CLANG_ENABLE_OBJC_ARC = YES;
				CLANG_ENABLE_OBJC_WEAK = YES;
				CLANG_WARN_BLOCK_CAPTURE_AUTORELEASING = YES;
				CLANG_WARN_BOOL_CONVERSION = YES;
				CLANG_WARN_COMMA = YES;
				CLANG_WARN_CONSTANT_CONVERSION = YES;
				CLANG_WARN_DEPRECATED_OBJC_IMPLEMENTATIONS = YES;
				CLANG_WARN_DIRECT_OBJC_ISA_USAGE = YES_ERROR;
				CLANG_WARN_DOCUMENTATION_COMMENTS = YES;
				CLANG_WARN_EMPTY_BODY = YES;
				CLANG_WARN_ENUM_CONVERSION = YES;
				CLANG_WARN_INFINITE_RECURSION = YES;
				CLANG_WARN_INT_CONVERSION = YES;
				CLANG_WARN_NON_LITERAL_NULL_CONVERSION = YES;
				CLANG_WARN_OBJC_IMPLICIT_RETAIN_SELF = YES;
				CLANG_WARN_OBJC_LITERAL_CONVERSION = YES;
				CLANG_WARN_OBJC_ROOT_CLASS = YES_ERROR;
				CLANG_WARN_QUOTED_INCLUDE_IN_FRAMEWORK_HEADER = YES;
				CLANG_WARN_RANGE_LOOP_ANALYSIS = YES;
				CLANG_WARN_STRICT_PROTOTYPES = YES;
				CLANG_WARN_SUSPICIOUS_MOVE = YES;
				CLANG_WARN_UNGUARDED_AVAILABILITY = YES_AGGRESSIVE;
				CLANG_WARN_UNREACHABLE_CODE = YES;
				CLANG_WARN__DUPLICATE_METHOD_MATCH = YES;
				COPY_PHASE_STRIP = NO;
				DEBUG_INFORMATION_FORMAT = "dwarf-with-dsym";
				ENABLE_NS_ASSERTIONS = NO;
				ENABLE_STRICT_OBJC_MSGSEND = YES;
				GCC_C_LANGUAGE_STANDARD = gnu11;
				GCC_NO_COMMON_BLOCKS = YES;
				GCC_WARN_64_TO_32_BIT_CONVERSION = YES;
				GCC_WARN_ABOUT_RETURN_TYPE = YES_ERROR;
				GCC_WARN_UNDECLARED_SELECTOR = YES;
				GCC_WARN_UNINITIALIZED_AUTOS = YES_AGGRESSIVE;
				GCC_WARN_UNUSED_FUNCTION = YES;
				GCC_WARN_UNUSED_VARIABLE = YES;
				IPHONEOS_DEPLOYMENT_TARGET = 16.4;
				MTL_ENABLE_DEBUG_INFO = NO;
				MTL_FAST_MATH = YES;
				SDKROOT = iphoneos;
				SWIFT_COMPILATION_MODE = wholemodule;
				SWIFT_OPTIMIZATION_LEVEL = "-O";
				VALIDATE_PRODUCT = YES;
			};
			name = Release;
		};
		04F802A62A0A48550033F731 /* Debug */ = {
			isa = XCBuildConfiguration;
			buildSettings = {
				ASSETCATALOG_COMPILER_APPICON_NAME = AppIcon;
				ASSETCATALOG_COMPILER_GLOBAL_ACCENT_COLOR_NAME = AccentColor;
				CODE_SIGN_STYLE = Automatic;
				CURRENT_PROJECT_VERSION = 1;
				DEVELOPMENT_ASSET_PATHS = "\"CleanArchitectureComposition/Preview Content\"";
				DEVELOPMENT_TEAM = Q7T9XL4D9S;
				ENABLE_PREVIEWS = YES;
				GENERATE_INFOPLIST_FILE = YES;
				INFOPLIST_KEY_UIApplicationSceneManifest_Generation = YES;
				INFOPLIST_KEY_UIApplicationSupportsIndirectInputEvents = YES;
				INFOPLIST_KEY_UILaunchScreen_Generation = YES;
				INFOPLIST_KEY_UISupportedInterfaceOrientations_iPad = "UIInterfaceOrientationPortrait UIInterfaceOrientationPortraitUpsideDown UIInterfaceOrientationLandscapeLeft UIInterfaceOrientationLandscapeRight";
				INFOPLIST_KEY_UISupportedInterfaceOrientations_iPhone = "UIInterfaceOrientationPortrait UIInterfaceOrientationLandscapeLeft UIInterfaceOrientationLandscapeRight";
				LD_RUNPATH_SEARCH_PATHS = (
					"$(inherited)",
					"@executable_path/Frameworks",
				);
				MARKETING_VERSION = 1.0;
				PRODUCT_BUNDLE_IDENTIFIER = hu.g.CleanArchitectureComposition;
				PRODUCT_NAME = "$(TARGET_NAME)";
				SWIFT_EMIT_LOC_STRINGS = YES;
				SWIFT_VERSION = 5.0;
				TARGETED_DEVICE_FAMILY = "1,2";
			};
			name = Debug;
		};
		04F802A72A0A48550033F731 /* Release */ = {
			isa = XCBuildConfiguration;
			buildSettings = {
				ASSETCATALOG_COMPILER_APPICON_NAME = AppIcon;
				ASSETCATALOG_COMPILER_GLOBAL_ACCENT_COLOR_NAME = AccentColor;
				CODE_SIGN_STYLE = Automatic;
				CURRENT_PROJECT_VERSION = 1;
				DEVELOPMENT_ASSET_PATHS = "\"CleanArchitectureComposition/Preview Content\"";
				DEVELOPMENT_TEAM = Q7T9XL4D9S;
				ENABLE_PREVIEWS = YES;
				GENERATE_INFOPLIST_FILE = YES;
				INFOPLIST_KEY_UIApplicationSceneManifest_Generation = YES;
				INFOPLIST_KEY_UIApplicationSupportsIndirectInputEvents = YES;
				INFOPLIST_KEY_UILaunchScreen_Generation = YES;
				INFOPLIST_KEY_UISupportedInterfaceOrientations_iPad = "UIInterfaceOrientationPortrait UIInterfaceOrientationPortraitUpsideDown UIInterfaceOrientationLandscapeLeft UIInterfaceOrientationLandscapeRight";
				INFOPLIST_KEY_UISupportedInterfaceOrientations_iPhone = "UIInterfaceOrientationPortrait UIInterfaceOrientationLandscapeLeft UIInterfaceOrientationLandscapeRight";
				LD_RUNPATH_SEARCH_PATHS = (
					"$(inherited)",
					"@executable_path/Frameworks",
				);
				MARKETING_VERSION = 1.0;
				PRODUCT_BUNDLE_IDENTIFIER = hu.g.CleanArchitectureComposition;
				PRODUCT_NAME = "$(TARGET_NAME)";
				SWIFT_EMIT_LOC_STRINGS = YES;
				SWIFT_VERSION = 5.0;
				TARGETED_DEVICE_FAMILY = "1,2";
			};
			name = Release;
		};
		04F802A92A0A48550033F731 /* Debug */ = {
			isa = XCBuildConfiguration;
			buildSettings = {
				ALWAYS_EMBED_SWIFT_STANDARD_LIBRARIES = YES;
				BUNDLE_LOADER = "$(TEST_HOST)";
				CODE_SIGN_STYLE = Automatic;
				CURRENT_PROJECT_VERSION = 1;
				DEVELOPMENT_TEAM = Q7T9XL4D9S;
				GENERATE_INFOPLIST_FILE = YES;
				IPHONEOS_DEPLOYMENT_TARGET = 16.4;
				MARKETING_VERSION = 1.0;
				PRODUCT_BUNDLE_IDENTIFIER = hu.g.CleanArchitectureCompositionTests;
				PRODUCT_NAME = "$(TARGET_NAME)";
				SWIFT_EMIT_LOC_STRINGS = NO;
				SWIFT_VERSION = 5.0;
				TARGETED_DEVICE_FAMILY = "1,2";
				TEST_HOST = "$(BUILT_PRODUCTS_DIR)/CleanArchitectureComposition.app/$(BUNDLE_EXECUTABLE_FOLDER_PATH)/CleanArchitectureComposition";
			};
			name = Debug;
		};
		04F802AA2A0A48550033F731 /* Release */ = {
			isa = XCBuildConfiguration;
			buildSettings = {
				ALWAYS_EMBED_SWIFT_STANDARD_LIBRARIES = YES;
				BUNDLE_LOADER = "$(TEST_HOST)";
				CODE_SIGN_STYLE = Automatic;
				CURRENT_PROJECT_VERSION = 1;
				DEVELOPMENT_TEAM = Q7T9XL4D9S;
				GENERATE_INFOPLIST_FILE = YES;
				IPHONEOS_DEPLOYMENT_TARGET = 16.4;
				MARKETING_VERSION = 1.0;
				PRODUCT_BUNDLE_IDENTIFIER = hu.g.CleanArchitectureCompositionTests;
				PRODUCT_NAME = "$(TARGET_NAME)";
				SWIFT_EMIT_LOC_STRINGS = NO;
				SWIFT_VERSION = 5.0;
				TARGETED_DEVICE_FAMILY = "1,2";
				TEST_HOST = "$(BUILT_PRODUCTS_DIR)/CleanArchitectureComposition.app/$(BUNDLE_EXECUTABLE_FOLDER_PATH)/CleanArchitectureComposition";
			};
			name = Release;
		};
		04F802AC2A0A48550033F731 /* Debug */ = {
			isa = XCBuildConfiguration;
			buildSettings = {
				ALWAYS_EMBED_SWIFT_STANDARD_LIBRARIES = YES;
				CODE_SIGN_STYLE = Automatic;
				CURRENT_PROJECT_VERSION = 1;
				DEVELOPMENT_TEAM = Q7T9XL4D9S;
				GENERATE_INFOPLIST_FILE = YES;
				MARKETING_VERSION = 1.0;
				PRODUCT_BUNDLE_IDENTIFIER = hu.g.CleanArchitectureCompositionUITests;
				PRODUCT_NAME = "$(TARGET_NAME)";
				SWIFT_EMIT_LOC_STRINGS = NO;
				SWIFT_VERSION = 5.0;
				TARGETED_DEVICE_FAMILY = "1,2";
				TEST_TARGET_NAME = CleanArchitectureComposition;
			};
			name = Debug;
		};
		04F802AD2A0A48550033F731 /* Release */ = {
			isa = XCBuildConfiguration;
			buildSettings = {
				ALWAYS_EMBED_SWIFT_STANDARD_LIBRARIES = YES;
				CODE_SIGN_STYLE = Automatic;
				CURRENT_PROJECT_VERSION = 1;
				DEVELOPMENT_TEAM = Q7T9XL4D9S;
				GENERATE_INFOPLIST_FILE = YES;
				MARKETING_VERSION = 1.0;
				PRODUCT_BUNDLE_IDENTIFIER = hu.g.CleanArchitectureCompositionUITests;
				PRODUCT_NAME = "$(TARGET_NAME)";
				SWIFT_EMIT_LOC_STRINGS = NO;
				SWIFT_VERSION = 5.0;
				TARGETED_DEVICE_FAMILY = "1,2";
				TEST_TARGET_NAME = CleanArchitectureComposition;
			};
			name = Release;
		};
/* End XCBuildConfiguration section */

/* Begin XCConfigurationList section */
		04F8027C2A0A48520033F731 /* Build configuration list for PBXProject "CleanArchitectureComposition" */ = {
			isa = XCConfigurationList;
			buildConfigurations = (
				04F802A32A0A48550033F731 /* Debug */,
				04F802A42A0A48550033F731 /* Release */,
			);
			defaultConfigurationIsVisible = 0;
			defaultConfigurationName = Release;
		};
		04F802A52A0A48550033F731 /* Build configuration list for PBXNativeTarget "CleanArchitectureComposition" */ = {
			isa = XCConfigurationList;
			buildConfigurations = (
				04F802A62A0A48550033F731 /* Debug */,
				04F802A72A0A48550033F731 /* Release */,
			);
			defaultConfigurationIsVisible = 0;
			defaultConfigurationName = Release;
		};
		04F802A82A0A48550033F731 /* Build configuration list for PBXNativeTarget "CleanArchitectureCompositionTests" */ = {
			isa = XCConfigurationList;
			buildConfigurations = (
				04F802A92A0A48550033F731 /* Debug */,
				04F802AA2A0A48550033F731 /* Release */,
			);
			defaultConfigurationIsVisible = 0;
			defaultConfigurationName = Release;
		};
		04F802AB2A0A48550033F731 /* Build configuration list for PBXNativeTarget "CleanArchitectureCompositionUITests" */ = {
			isa = XCConfigurationList;
			buildConfigurations = (
				04F802AC2A0A48550033F731 /* Debug */,
				04F802AD2A0A48550033F731 /* Release */,
			);
			defaultConfigurationIsVisible = 0;
			defaultConfigurationName = Release;
		};
/* End XCConfigurationList section */
	};
	rootObject = 04F802792A0A48520033F731 /* Project object */;
}
